
Microsoft Visual Studio Solution File, Format Version 12.00
Project("{FAE04EC0-301F-11D3-BF4B-00C04F79EFBC}") = "Core.Client", "Core.Client\Core.Client.csproj", "{A88C5937-EAB8-4AB7-8D9E-45B368B295F6}"
EndProject
Project("{FAE04EC0-301F-11D3-BF4B-00C04F79EFBC}") = "AntiCheat.Client", "AntiCheat.Client\AntiCheat.Client.csproj", "{89380977-5B55-4360-94B9-25238AB39F2B}"
EndProject
Project("{FAE04EC0-301F-11D3-BF4B-00C04F79EFBC}") = "Admin.Client", "Admin.Client\Admin.Client.csproj", "{20088EF2-A478-4BE2-9AA9-938C0C42FC7F}"
EndProject
Global
	GlobalSection(SolutionConfigurationPlatforms) = preSolution
		Debug|Any CPU = Debug|Any CPU
		Release|Any CPU = Release|Any CPU
	EndGlobalSection
	GlobalSection(ProjectConfigurationPlatforms) = postSolution
		{A88C5937-EAB8-4AB7-8D9E-45B368B295F6}.Debug|Any CPU.ActiveCfg = Debug|Any CPU
		{A88C5937-EAB8-4AB7-8D9E-45B368B295F6}.Debug|Any CPU.Build.0 = Debug|Any CPU
		{A88C5937-EAB8-4AB7-8D9E-45B368B295F6}.Release|Any CPU.ActiveCfg = Release|Any CPU
		{A88C5937-EAB8-4AB7-8D9E-45B368B295F6}.Release|Any CPU.Build.0 = Release|Any CPU
		{89380977-5B55-4360-94B9-25238AB39F2B}.Debug|Any CPU.ActiveCfg = Debug|Any CPU
		{89380977-5B55-4360-94B9-25238AB39F2B}.Debug|Any CPU.Build.0 = Debug|Any CPU
		{89380977-5B55-4360-94B9-25238AB39F2B}.Release|Any CPU.ActiveCfg = Release|Any CPU
		{89380977-5B55-4360-94B9-25238AB39F2B}.Release|Any CPU.Build.0 = Release|Any CPU
		{20088EF2-A478-4BE2-9AA9-938C0C42FC7F}.Debug|Any CPU.ActiveCfg = Debug|Any CPU
		{20088EF2-A478-4BE2-9AA9-938C0C42FC7F}.Debug|Any CPU.Build.0 = Debug|Any CPU
		{20088EF2-A478-4BE2-9AA9-938C0C42FC7F}.Release|Any CPU.ActiveCfg = Release|Any CPU
		{20088EF2-A478-4BE2-9AA9-938C0C42FC7F}.Release|Any CPU.Build.0 = Release|Any CPU
	EndGlobalSection
EndGlobal
