
Microsoft Visual Studio Solution File, Format Version 12.00
Project("{FAE04EC0-301F-11D3-BF4B-00C04F79EFBC}") = "Core.Client", "Core.Client\Core.Client.csproj", "{A88C5937-EAB8-4AB7-8D9E-45B368B295F6}"
EndProject
Project("{FAE04EC0-301F-11D3-BF4B-00C04F79EFBC}") = "AntiCheat.Client", "AntiCheat.Client\AntiCheat.Client.csproj", "{89380977-5B55-4360-94B9-25238AB39F2B}"
EndProject
Project("{FAE04EC0-301F-11D3-BF4B-00C04F79EFBC}") = "Admin.Client", "Admin.Client\Admin.Client.csproj", "{20088EF2-A478-4BE2-9AA9-938C0C42FC7F}"
EndProject
Project("{FAE04EC0-301F-11D3-BF4B-00C04F79EFBC}") = "LoadingScreen", "LoadingScreen\LoadingScreen.csproj", "{C424427C-D83F-4769-8360-10514B86D3F2}"
EndProject
Project("{FAE04EC0-301F-11D3-BF4B-00C04F79EFBC}") = "Admin.Server", "Admin.Server\Admin.Server.csproj", "{B95C9BA9-E62D-4606-8B42-BA2609AD17CE}"
EndProject
Project("{FAE04EC0-301F-11D3-BF4B-00C04F79EFBC}") = "Framework.Client", "Framework.Client\Framework.Client.csproj", "{686D6968-F25B-4865-A959-64199410A0BE}"
EndProject
Project("{FAE04EC0-301F-11D3-BF4B-00C04F79EFBC}") = "Whitelist.Daemon", "Whitelist.Daemon\Whitelist.Daemon.csproj", "{D01F6589-FDF0-4565-9561-256A63C99FE8}"
EndProject
Project("{FAE04EC0-301F-11D3-BF4B-00C04F79EFBC}") = "Whitelist.Client", "Whitelist.Client\Whitelist.Client.csproj", "{29C981A8-7EBB-4E18-B0B5-CCCB371CC557}"
EndProject
Project("{FAE04EC0-301F-11D3-BF4B-00C04F79EFBC}") = "Whitelist.Server", "Whitelist.Server\Whitelist.Server.csproj", "{FAE512C0-6D81-4A00-8EFA-0EA6DDDE6A61}"
EndProject
Project("{FAE04EC0-301F-11D3-BF4B-00C04F79EFBC}") = "Framework.Server", "Framework.Server\Framework.Server.csproj", "{57E124E0-ECA2-460C-9941-55D8561D5CE7}"
EndProject
Global
	GlobalSection(SolutionConfigurationPlatforms) = preSolution
		Debug|Any CPU = Debug|Any CPU
		Release|Any CPU = Release|Any CPU
	EndGlobalSection
	GlobalSection(ProjectConfigurationPlatforms) = postSolution
		{A88C5937-EAB8-4AB7-8D9E-45B368B295F6}.Debug|Any CPU.ActiveCfg = Debug|Any CPU
		{A88C5937-EAB8-4AB7-8D9E-45B368B295F6}.Debug|Any CPU.Build.0 = Debug|Any CPU
		{A88C5937-EAB8-4AB7-8D9E-45B368B295F6}.Release|Any CPU.ActiveCfg = Release|Any CPU
		{A88C5937-EAB8-4AB7-8D9E-45B368B295F6}.Release|Any CPU.Build.0 = Release|Any CPU
		{89380977-5B55-4360-94B9-25238AB39F2B}.Debug|Any CPU.ActiveCfg = Debug|Any CPU
		{89380977-5B55-4360-94B9-25238AB39F2B}.Debug|Any CPU.Build.0 = Debug|Any CPU
		{89380977-5B55-4360-94B9-25238AB39F2B}.Release|Any CPU.ActiveCfg = Release|Any CPU
		{89380977-5B55-4360-94B9-25238AB39F2B}.Release|Any CPU.Build.0 = Release|Any CPU
		{20088EF2-A478-4BE2-9AA9-938C0C42FC7F}.Debug|Any CPU.ActiveCfg = Debug|Any CPU
		{20088EF2-A478-4BE2-9AA9-938C0C42FC7F}.Debug|Any CPU.Build.0 = Debug|Any CPU
		{20088EF2-A478-4BE2-9AA9-938C0C42FC7F}.Release|Any CPU.ActiveCfg = Release|Any CPU
		{20088EF2-A478-4BE2-9AA9-938C0C42FC7F}.Release|Any CPU.Build.0 = Release|Any CPU
		{C424427C-D83F-4769-8360-10514B86D3F2}.Debug|Any CPU.ActiveCfg = Debug|Any CPU
		{C424427C-D83F-4769-8360-10514B86D3F2}.Debug|Any CPU.Build.0 = Debug|Any CPU
		{C424427C-D83F-4769-8360-10514B86D3F2}.Release|Any CPU.ActiveCfg = Release|Any CPU
		{C424427C-D83F-4769-8360-10514B86D3F2}.Release|Any CPU.Build.0 = Release|Any CPU
		{B95C9BA9-E62D-4606-8B42-BA2609AD17CE}.Debug|Any CPU.ActiveCfg = Debug|Any CPU
		{B95C9BA9-E62D-4606-8B42-BA2609AD17CE}.Debug|Any CPU.Build.0 = Debug|Any CPU
		{B95C9BA9-E62D-4606-8B42-BA2609AD17CE}.Release|Any CPU.ActiveCfg = Release|Any CPU
		{B95C9BA9-E62D-4606-8B42-BA2609AD17CE}.Release|Any CPU.Build.0 = Release|Any CPU
		{686D6968-F25B-4865-A959-64199410A0BE}.Debug|Any CPU.ActiveCfg = Debug|Any CPU
		{686D6968-F25B-4865-A959-64199410A0BE}.Debug|Any CPU.Build.0 = Debug|Any CPU
		{686D6968-F25B-4865-A959-64199410A0BE}.Release|Any CPU.ActiveCfg = Release|Any CPU
		{686D6968-F25B-4865-A959-64199410A0BE}.Release|Any CPU.Build.0 = Release|Any CPU
		{D01F6589-FDF0-4565-9561-256A63C99FE8}.Debug|Any CPU.ActiveCfg = Debug|Any CPU
		{D01F6589-FDF0-4565-9561-256A63C99FE8}.Debug|Any CPU.Build.0 = Debug|Any CPU
		{D01F6589-FDF0-4565-9561-256A63C99FE8}.Release|Any CPU.ActiveCfg = Release|Any CPU
		{D01F6589-FDF0-4565-9561-256A63C99FE8}.Release|Any CPU.Build.0 = Release|Any CPU
		{29C981A8-7EBB-4E18-B0B5-CCCB371CC557}.Debug|Any CPU.ActiveCfg = Debug|Any CPU
		{29C981A8-7EBB-4E18-B0B5-CCCB371CC557}.Debug|Any CPU.Build.0 = Debug|Any CPU
		{29C981A8-7EBB-4E18-B0B5-CCCB371CC557}.Release|Any CPU.ActiveCfg = Release|Any CPU
		{29C981A8-7EBB-4E18-B0B5-CCCB371CC557}.Release|Any CPU.Build.0 = Release|Any CPU
		{FAE512C0-6D81-4A00-8EFA-0EA6DDDE6A61}.Debug|Any CPU.ActiveCfg = Debug|Any CPU
		{FAE512C0-6D81-4A00-8EFA-0EA6DDDE6A61}.Debug|Any CPU.Build.0 = Debug|Any CPU
		{FAE512C0-6D81-4A00-8EFA-0EA6DDDE6A61}.Release|Any CPU.ActiveCfg = Release|Any CPU
		{FAE512C0-6D81-4A00-8EFA-0EA6DDDE6A61}.Release|Any CPU.Build.0 = Release|Any CPU
		{57E124E0-ECA2-460C-9941-55D8561D5CE7}.Debug|Any CPU.ActiveCfg = Debug|Any CPU
		{57E124E0-ECA2-460C-9941-55D8561D5CE7}.Debug|Any CPU.Build.0 = Debug|Any CPU
		{57E124E0-ECA2-460C-9941-55D8561D5CE7}.Release|Any CPU.ActiveCfg = Release|Any CPU
		{57E124E0-ECA2-460C-9941-55D8561D5CE7}.Release|Any CPU.Build.0 = Release|Any CPU
	EndGlobalSection
EndGlobal
